
Microsoft Visual Studio Solution File, Format Version 12.00
# Visual Studio 15
VisualStudioVersion = 15.0.28307.1169
MinimumVisualStudioVersion = 10.0.40219.1
Project("{FAE04EC0-301F-11D3-BF4B-00C04F79EFBC}") = "ToDoApi", "ToDoApi\ToDoApi.csproj", "{11E96075-E73C-4B53-8A46-00391605FD9A}"
EndProject
Project("{FAE04EC0-301F-11D3-BF4B-00C04F79EFBC}") = "ToDo.Domain", "ToDo.Domain\ToDo.Domain.csproj", "{4AE8CAA9-BD4C-4BC3-B3B8-0C1004282373}"
EndProject
Project("{FAE04EC0-301F-11D3-BF4B-00C04F79EFBC}") = "Todo.Services", "Todo.Services\Todo.Services.csproj", "{A61F1BC8-8AA5-4190-AE1D-874389D5E4D4}"
EndProject
Global
	GlobalSection(SolutionConfigurationPlatforms) = preSolution
		Debug|Any CPU = Debug|Any CPU
		Release|Any CPU = Release|Any CPU
	EndGlobalSection
	GlobalSection(ProjectConfigurationPlatforms) = postSolution
		{11E96075-E73C-4B53-8A46-00391605FD9A}.Debug|Any CPU.ActiveCfg = Debug|Any CPU
		{11E96075-E73C-4B53-8A46-00391605FD9A}.Debug|Any CPU.Build.0 = Debug|Any CPU
		{11E96075-E73C-4B53-8A46-00391605FD9A}.Release|Any CPU.ActiveCfg = Release|Any CPU
		{11E96075-E73C-4B53-8A46-00391605FD9A}.Release|Any CPU.Build.0 = Release|Any CPU
		{4AE8CAA9-BD4C-4BC3-B3B8-0C1004282373}.Debug|Any CPU.ActiveCfg = Debug|Any CPU
		{4AE8CAA9-BD4C-4BC3-B3B8-0C1004282373}.Debug|Any CPU.Build.0 = Debug|Any CPU
		{4AE8CAA9-BD4C-4BC3-B3B8-0C1004282373}.Release|Any CPU.ActiveCfg = Release|Any CPU
		{4AE8CAA9-BD4C-4BC3-B3B8-0C1004282373}.Release|Any CPU.Build.0 = Release|Any CPU
		{A61F1BC8-8AA5-4190-AE1D-874389D5E4D4}.Debug|Any CPU.ActiveCfg = Debug|Any CPU
		{A61F1BC8-8AA5-4190-AE1D-874389D5E4D4}.Debug|Any CPU.Build.0 = Debug|Any CPU
		{A61F1BC8-8AA5-4190-AE1D-874389D5E4D4}.Release|Any CPU.ActiveCfg = Release|Any CPU
		{A61F1BC8-8AA5-4190-AE1D-874389D5E4D4}.Release|Any CPU.Build.0 = Release|Any CPU
	EndGlobalSection
	GlobalSection(SolutionProperties) = preSolution
		HideSolutionNode = FALSE
	EndGlobalSection
	GlobalSection(ExtensibilityGlobals) = postSolution
		SolutionGuid = {3F9490AC-6C41-4C21-8647-44CF98991AA4}
	EndGlobalSection
EndGlobal
